// !$*UTF8*$!
{
	archiveVersion = 1;
	classes = {
	};
	objectVersion = 48;
	objects = {

/* Begin PBXBuildFile section */
		0A0235AF1FFD20E600CBD846 /* PagingMenuController.framework in Frameworks */ = {isa = PBXBuildFile; fileRef = 0A0235AE1FFD20CB00CBD846 /* PagingMenuController.framework */; };
		0A0235B01FFD20E600CBD846 /* PagingMenuController.framework in Embed Frameworks */ = {isa = PBXBuildFile; fileRef = 0A0235AE1FFD20CB00CBD846 /* PagingMenuController.framework */; settings = {ATTRIBUTES = (CodeSignOnCopy, RemoveHeadersOnCopy, ); }; };
		0A0235B41FFD23B900CBD846 /* OrdersViewController.swift in Sources */ = {isa = PBXBuildFile; fileRef = 0A0235B31FFD23B900CBD846 /* OrdersViewController.swift */; };
		0A0235B61FFD23C600CBD846 /* TastsViewController.swift in Sources */ = {isa = PBXBuildFile; fileRef = 0A0235B51FFD23C600CBD846 /* TastsViewController.swift */; };
		0A036A512027FE7F00A2F036 /* UnlockGestureView.swift in Sources */ = {isa = PBXBuildFile; fileRef = 0A036A502027FE7F00A2F036 /* UnlockGestureView.swift */; };
		0A036A5B2028682D00A2F036 /* SecuritySettingViewController.swift in Sources */ = {isa = PBXBuildFile; fileRef = 0A036A5A2028682D00A2F036 /* SecuritySettingViewController.swift */; };
		0A1295562072EB5E00C21C66 /* msg.wav in Resources */ = {isa = PBXBuildFile; fileRef = 0A1295552072EB5E00C21C66 /* msg.wav */; };
		0A20028A206134CD00A81D21 /* TaskContentTableViewCell.swift in Sources */ = {isa = PBXBuildFile; fileRef = 0A200289206134CD00A81D21 /* TaskContentTableViewCell.swift */; };
		0A25DF97201D7E63009CBDEA /* contactList.plist in Resources */ = {isa = PBXBuildFile; fileRef = 0A25DF96201D7E63009CBDEA /* contactList.plist */; };
		0A38067B2031DB680077E77F /* CircleInfoView.swift in Sources */ = {isa = PBXBuildFile; fileRef = 0A38067A2031DB680077E77F /* CircleInfoView.swift */; };
		0A3806842031E0B30077E77F /* LockLabel.swift in Sources */ = {isa = PBXBuildFile; fileRef = 0A3806832031E0B30077E77F /* LockLabel.swift */; };
		0A3806862031E3290077E77F /* GestureVerifyViewController.swift in Sources */ = {isa = PBXBuildFile; fileRef = 0A3806852031E3290077E77F /* GestureVerifyViewController.swift */; };
		0A3806882035C1CD0077E77F /* CircleView.swift in Sources */ = {isa = PBXBuildFile; fileRef = 0A3806872035C1CD0077E77F /* CircleView.swift */; };
		0A38068A2035C9680077E77F /* Circle.swift in Sources */ = {isa = PBXBuildFile; fileRef = 0A3806892035C9680077E77F /* Circle.swift */; };
		0A38068C2035D6560077E77F /* GestureViewController.swift in Sources */ = {isa = PBXBuildFile; fileRef = 0A38068B2035D6560077E77F /* GestureViewController.swift */; };
		0A3AA20E1FF61C5F00EBC482 /* WorkZoneViewController.swift in Sources */ = {isa = PBXBuildFile; fileRef = 0A3AA20D1FF61C5F00EBC482 /* WorkZoneViewController.swift */; };
		0A3AA2171FF61C6E00EBC482 /* MeViewController.swift in Sources */ = {isa = PBXBuildFile; fileRef = 0A3AA2161FF61C6E00EBC482 /* MeViewController.swift */; };
		0A54F30A20567AE800103FD8 /* MessageListViewController.swift in Sources */ = {isa = PBXBuildFile; fileRef = 0A54F30920567AE800103FD8 /* MessageListViewController.swift */; };
		0A54F30C20567B2000103FD8 /* MessagesTableViewCell.swift in Sources */ = {isa = PBXBuildFile; fileRef = 0A54F30B20567B2000103FD8 /* MessagesTableViewCell.swift */; };
		0A594E1E206C843700A67950 /* SetParamtersViewController.swift in Sources */ = {isa = PBXBuildFile; fileRef = 0A594E1D206C843700A67950 /* SetParamtersViewController.swift */; };
		0A594E20206CBDA900A67950 /* MarkSlider.swift in Sources */ = {isa = PBXBuildFile; fileRef = 0A594E1F206CBDA900A67950 /* MarkSlider.swift */; };
		0A594E242070793C00A67950 /* ReplyView.swift in Sources */ = {isa = PBXBuildFile; fileRef = 0A594E232070793C00A67950 /* ReplyView.swift */; };
		0A594E272070797800A67950 /* ReplyTableViewTableViewController.swift in Sources */ = {isa = PBXBuildFile; fileRef = 0A594E262070797800A67950 /* ReplyTableViewTableViewController.swift */; };
		0A594E29207079CD00A67950 /* ReplyTableViewCell.swift in Sources */ = {isa = PBXBuildFile; fileRef = 0A594E28207079CD00A67950 /* ReplyTableViewCell.swift */; };
		0A5B5C1C1FF2248700A92C20 /* User.swift in Sources */ = {isa = PBXBuildFile; fileRef = 0A5B5C1B1FF2248700A92C20 /* User.swift */; };
		0A5B5C1E1FF23B5F00A92C20 /* greyLayerPrompt.swift in Sources */ = {isa = PBXBuildFile; fileRef = 0A5B5C1D1FF23B5F00A92C20 /* greyLayerPrompt.swift */; };
		0A5B5C201FF2536300A92C20 /* CoreDataOperation.swift in Sources */ = {isa = PBXBuildFile; fileRef = 0A5B5C1F1FF2536300A92C20 /* CoreDataOperation.swift */; };
		0A610D8C201C282A00DE46B7 /* chooseContactTableViewController.swift in Sources */ = {isa = PBXBuildFile; fileRef = 0A610D8B201C282A00DE46B7 /* chooseContactTableViewController.swift */; };
		0A610D8F201C296B00DE46B7 /* chooseContactTableViewCell.swift in Sources */ = {isa = PBXBuildFile; fileRef = 0A610D8E201C296B00DE46B7 /* chooseContactTableViewCell.swift */; };
		0A6AD6581FF1EFB4009A511A /* AppDelegate.swift in Sources */ = {isa = PBXBuildFile; fileRef = 0A6AD6571FF1EFB4009A511A /* AppDelegate.swift */; };
		0A6AD65A1FF1EFB4009A511A /* ViewController.swift in Sources */ = {isa = PBXBuildFile; fileRef = 0A6AD6591FF1EFB4009A511A /* ViewController.swift */; };
		0A6AD65D1FF1EFB4009A511A /* Main.storyboard in Resources */ = {isa = PBXBuildFile; fileRef = 0A6AD65B1FF1EFB4009A511A /* Main.storyboard */; };
		0A6AD6701FF1EFB4009A511A /* ZhibaoZoneTests.swift in Sources */ = {isa = PBXBuildFile; fileRef = 0A6AD66F1FF1EFB4009A511A /* ZhibaoZoneTests.swift */; };
		0A6AD67B1FF1EFB4009A511A /* ZhibaoZoneUITests.swift in Sources */ = {isa = PBXBuildFile; fileRef = 0A6AD67A1FF1EFB4009A511A /* ZhibaoZoneUITests.swift */; };
		0A6B3F101FFB38BE0014AF24 /* AccountInfo.xcdatamodeld in Sources */ = {isa = PBXBuildFile; fileRef = 0A6B3F0E1FFB38BE0014AF24 /* AccountInfo.xcdatamodeld */; };
		0A83CA6C205F6AE500F59A70 /* UIImage+Gif.swift in Sources */ = {isa = PBXBuildFile; fileRef = 0A83CA64205F6AE400F59A70 /* UIImage+Gif.swift */; };
		0A92C13820233E750062553A /* deviceToken.plist in Resources */ = {isa = PBXBuildFile; fileRef = 0A92C13720233E750062553A /* deviceToken.plist */; };
		0A9716832009F910007922FB /* NewTaskViewCell.swift in Sources */ = {isa = PBXBuildFile; fileRef = 0A9716822009F910007922FB /* NewTaskViewCell.swift */; };
		0AB76696200CA8AB00851E16 /* config.plist in Resources */ = {isa = PBXBuildFile; fileRef = 0AB76695200CA8AB00851E16 /* config.plist */; };
		0AB766A6200DC46900851E16 /* HGImageCollectionViewCell.swift in Sources */ = {isa = PBXBuildFile; fileRef = 0AB7669F200DC46800851E16 /* HGImageCollectionViewCell.swift */; };
		0AB766A7200DC46900851E16 /* HGImage.storyboard in Resources */ = {isa = PBXBuildFile; fileRef = 0AB766A0200DC46900851E16 /* HGImage.storyboard */; };
		0AB766A8200DC46900851E16 /* HGImageCollectionViewController.swift in Sources */ = {isa = PBXBuildFile; fileRef = 0AB766A1200DC46900851E16 /* HGImageCollectionViewController.swift */; };
		0AB766A9200DC46900851E16 /* HGImagePickerCell.swift in Sources */ = {isa = PBXBuildFile; fileRef = 0AB766A2200DC46900851E16 /* HGImagePickerCell.swift */; };
		0AB766AA200DC46900851E16 /* HGImageCompleteButton.swift in Sources */ = {isa = PBXBuildFile; fileRef = 0AB766A3200DC46900851E16 /* HGImageCompleteButton.swift */; };
		0AB766AB200DC46900851E16 /* HGImage.xcassets in Resources */ = {isa = PBXBuildFile; fileRef = 0AB766A4200DC46900851E16 /* HGImage.xcassets */; };
		0AB766AC200DC46900851E16 /* HGImagePickerController.swift in Sources */ = {isa = PBXBuildFile; fileRef = 0AB766A5200DC46900851E16 /* HGImagePickerController.swift */; };
		0AC1AC57204E2B260096A6F6 /* QCloudCore.framework in Frameworks */ = {isa = PBXBuildFile; fileRef = 0AC1AC55204E2B250096A6F6 /* QCloudCore.framework */; };
		0AC1AC58204E2B260096A6F6 /* QCloudCOSXML.framework in Frameworks */ = {isa = PBXBuildFile; fileRef = 0AC1AC56204E2B250096A6F6 /* QCloudCOSXML.framework */; };
		0AC1AC5B204E2B890096A6F6 /* CoreTelephony.framework in Frameworks */ = {isa = PBXBuildFile; fileRef = 0AC1AC5A204E2B890096A6F6 /* CoreTelephony.framework */; };
		0AC1AC5D204E2B980096A6F6 /* Foundation.framework in Frameworks */ = {isa = PBXBuildFile; fileRef = 0AC1AC5C204E2B980096A6F6 /* Foundation.framework */; };
		0AC1AC5F204E2BA20096A6F6 /* SystemConfiguration.framework in Frameworks */ = {isa = PBXBuildFile; fileRef = 0AC1AC5E204E2BA20096A6F6 /* SystemConfiguration.framework */; };
		0AC1AC61204E2BAD0096A6F6 /* libstdc++.tbd in Frameworks */ = {isa = PBXBuildFile; fileRef = 0AC1AC60204E2BAD0096A6F6 /* libstdc++.tbd */; };
		0AC1AC63204E6F210096A6F6 /* KVProgressBar.swift in Sources */ = {isa = PBXBuildFile; fileRef = 0AC1AC62204E6F210096A6F6 /* KVProgressBar.swift */; };
		0AC967C31FFC8B8300ABEEAB /* SwiftNotice.swift in Sources */ = {isa = PBXBuildFile; fileRef = 0AC967BB1FFC8B8300ABEEAB /* SwiftNotice.swift */; };
		0ACD41362064B4B4002F1D14 /* normalUserViewController.swift in Sources */ = {isa = PBXBuildFile; fileRef = 0ACD41352064B4B4002F1D14 /* normalUserViewController.swift */; };
		0AD2829B1FF47BD50044E41C /* Alamofire.framework in Frameworks */ = {isa = PBXBuildFile; fileRef = 0AD2828E1FF47BBC0044E41C /* Alamofire.framework */; };
		0AD2829C1FF47BD50044E41C /* Alamofire.framework in Embed Frameworks */ = {isa = PBXBuildFile; fileRef = 0AD2828E1FF47BBC0044E41C /* Alamofire.framework */; settings = {ATTRIBUTES = (CodeSignOnCopy, RemoveHeadersOnCopy, ); }; };
		0AD282A01FF4B3A50044E41C /* SwiftyJSON.swift in Sources */ = {isa = PBXBuildFile; fileRef = 0AD2829F1FF4B3A50044E41C /* SwiftyJSON.swift */; };
		0AD282B01FF60E7A0044E41C /* TabBarController.swift in Sources */ = {isa = PBXBuildFile; fileRef = 0AD282AF1FF60E7A0044E41C /* TabBarController.swift */; };
		0ADCB7FB200EEAD500DCD7C8 /* ImagePreviewVC.swift in Sources */ = {isa = PBXBuildFile; fileRef = 0ADCB7FA200EEAD500DCD7C8 /* ImagePreviewVC.swift */; };
		0ADCB7FD200EEB2500DCD7C8 /* ImagePreviewCell.swift in Sources */ = {isa = PBXBuildFile; fileRef = 0ADCB7FC200EEB2500DCD7C8 /* ImagePreviewCell.swift */; };
		0ADCB8042011FEBB00DCD7C8 /* OrdersTableViewCell.swift in Sources */ = {isa = PBXBuildFile; fileRef = 0ADCB8032011FEBB00DCD7C8 /* OrdersTableViewCell.swift */; };
		0AE149C62001E3BD005A2E55 /* NewTaskViewController.swift in Sources */ = {isa = PBXBuildFile; fileRef = 0AE149C52001E3BD005A2E55 /* NewTaskViewController.swift */; };
		0AF06C4920171D40008E2DE9 /* ESPullToRefresh+Manager.swift in Sources */ = {isa = PBXBuildFile; fileRef = 0AF06C3B20171D40008E2DE9 /* ESPullToRefresh+Manager.swift */; };
		0AF06C4A20171D40008E2DE9 /* ESRefreshAnimator.swift in Sources */ = {isa = PBXBuildFile; fileRef = 0AF06C3C20171D40008E2DE9 /* ESRefreshAnimator.swift */; };
		0AF06C4B20171D40008E2DE9 /* ESRefreshComponent.swift in Sources */ = {isa = PBXBuildFile; fileRef = 0AF06C3D20171D40008E2DE9 /* ESRefreshComponent.swift */; };
		0AF06C4C20171D40008E2DE9 /* Localizable.strings in Resources */ = {isa = PBXBuildFile; fileRef = 0AF06C3F20171D40008E2DE9 /* Localizable.strings */; };
		0AF06C4D20171D40008E2DE9 /* ESRefreshHeaderAnimator.swift in Sources */ = {isa = PBXBuildFile; fileRef = 0AF06C4320171D40008E2DE9 /* ESRefreshHeaderAnimator.swift */; };
		0AF06C4E20171D40008E2DE9 /* icon_pull_to_refresh_arrow@2x.png in Resources */ = {isa = PBXBuildFile; fileRef = 0AF06C4420171D40008E2DE9 /* icon_pull_to_refresh_arrow@2x.png */; };
		0AF06C4F20171D40008E2DE9 /* ESRefreshFooterAnimator.swift in Sources */ = {isa = PBXBuildFile; fileRef = 0AF06C4520171D40008E2DE9 /* ESRefreshFooterAnimator.swift */; };
		0AF06C5020171D40008E2DE9 /* ESRefreshProtocol.swift in Sources */ = {isa = PBXBuildFile; fileRef = 0AF06C4620171D40008E2DE9 /* ESRefreshProtocol.swift */; };
		0AF06C5120171D40008E2DE9 /* ES.swift in Sources */ = {isa = PBXBuildFile; fileRef = 0AF06C4720171D40008E2DE9 /* ES.swift */; };
		0AF06C5220171D40008E2DE9 /* ESPullToRefresh.swift in Sources */ = {isa = PBXBuildFile; fileRef = 0AF06C4820171D40008E2DE9 /* ESPullToRefresh.swift */; };
		0AF06C542018638F008E2DE9 /* TaskListTableViewCell.swift in Sources */ = {isa = PBXBuildFile; fileRef = 0AF06C532018638F008E2DE9 /* TaskListTableViewCell.swift */; };
		0AF06C5620187F4A008E2DE9 /* Assets.xcassets in Resources */ = {isa = PBXBuildFile; fileRef = 0AF06C5520187F4A008E2DE9 /* Assets.xcassets */; };
		0AF06C582018F465008E2DE9 /* TaskDetailViewController.swift in Sources */ = {isa = PBXBuildFile; fileRef = 0AF06C572018F465008E2DE9 /* TaskDetailViewController.swift */; };
/* End PBXBuildFile section */

/* Begin PBXContainerItemProxy section */
		0A0235AD1FFD20CB00CBD846 /* PBXContainerItemProxy */ = {
			isa = PBXContainerItemProxy;
			containerPortal = 0A0235A21FFD20CB00CBD846 /* PagingMenuController.xcodeproj */;
			proxyType = 2;
			remoteGlobalIDString = ECE530671B6DEB18001CF201;
			remoteInfo = PagingMenuController;
		};
		0A0235B11FFD20E600CBD846 /* PBXContainerItemProxy */ = {
			isa = PBXContainerItemProxy;
			containerPortal = 0A0235A21FFD20CB00CBD846 /* PagingMenuController.xcodeproj */;
			proxyType = 1;
			remoteGlobalIDString = ECE530661B6DEB18001CF201;
			remoteInfo = PagingMenuController;
		};
		0A6AD66C1FF1EFB4009A511A /* PBXContainerItemProxy */ = {
			isa = PBXContainerItemProxy;
			containerPortal = 0A6AD64C1FF1EFB4009A511A /* Project object */;
			proxyType = 1;
			remoteGlobalIDString = 0A6AD6531FF1EFB4009A511A;
			remoteInfo = ZhibaoZone;
		};
		0A6AD6771FF1EFB4009A511A /* PBXContainerItemProxy */ = {
			isa = PBXContainerItemProxy;
			containerPortal = 0A6AD64C1FF1EFB4009A511A /* Project object */;
			proxyType = 1;
			remoteGlobalIDString = 0A6AD6531FF1EFB4009A511A;
			remoteInfo = ZhibaoZone;
		};
		0AD2828D1FF47BBC0044E41C /* PBXContainerItemProxy */ = {
			isa = PBXContainerItemProxy;
			containerPortal = 0AD282821FF47BBC0044E41C /* Alamofire.xcodeproj */;
			proxyType = 2;
			remoteGlobalIDString = F8111E3319A95C8B0040E7D1;
			remoteInfo = "Alamofire iOS";
		};
		0AD2828F1FF47BBC0044E41C /* PBXContainerItemProxy */ = {
			isa = PBXContainerItemProxy;
			containerPortal = 0AD282821FF47BBC0044E41C /* Alamofire.xcodeproj */;
			proxyType = 2;
			remoteGlobalIDString = F8111E3E19A95C8B0040E7D1;
			remoteInfo = "Alamofire iOS Tests";
		};
		0AD282911FF47BBC0044E41C /* PBXContainerItemProxy */ = {
			isa = PBXContainerItemProxy;
			containerPortal = 0AD282821FF47BBC0044E41C /* Alamofire.xcodeproj */;
			proxyType = 2;
			remoteGlobalIDString = 4DD67C0B1A5C55C900ED2280;
			remoteInfo = "Alamofire macOS";
		};
		0AD282931FF47BBC0044E41C /* PBXContainerItemProxy */ = {
			isa = PBXContainerItemProxy;
			containerPortal = 0AD282821FF47BBC0044E41C /* Alamofire.xcodeproj */;
			proxyType = 2;
			remoteGlobalIDString = F829C6B21A7A94F100A2CD59;
			remoteInfo = "Alamofire macOS Tests";
		};
		0AD282951FF47BBC0044E41C /* PBXContainerItemProxy */ = {
			isa = PBXContainerItemProxy;
			containerPortal = 0AD282821FF47BBC0044E41C /* Alamofire.xcodeproj */;
			proxyType = 2;
			remoteGlobalIDString = 4CF626EF1BA7CB3E0011A099;
			remoteInfo = "Alamofire tvOS";
		};
		0AD282971FF47BBC0044E41C /* PBXContainerItemProxy */ = {
			isa = PBXContainerItemProxy;
			containerPortal = 0AD282821FF47BBC0044E41C /* Alamofire.xcodeproj */;
			proxyType = 2;
			remoteGlobalIDString = 4CF626F81BA7CB3E0011A099;
			remoteInfo = "Alamofire tvOS Tests";
		};
		0AD282991FF47BBC0044E41C /* PBXContainerItemProxy */ = {
			isa = PBXContainerItemProxy;
			containerPortal = 0AD282821FF47BBC0044E41C /* Alamofire.xcodeproj */;
			proxyType = 2;
			remoteGlobalIDString = E4202FE01B667AA100C997FB;
			remoteInfo = "Alamofire watchOS";
		};
		0AD2829D1FF47BD50044E41C /* PBXContainerItemProxy */ = {
			isa = PBXContainerItemProxy;
			containerPortal = 0AD282821FF47BBC0044E41C /* Alamofire.xcodeproj */;
			proxyType = 1;
			remoteGlobalIDString = F8111E3219A95C8B0040E7D1;
			remoteInfo = "Alamofire iOS";
		};
/* End PBXContainerItemProxy section */

/* Begin PBXCopyFilesBuildPhase section */
		0AD282811FF47B3D0044E41C /* Embed Frameworks */ = {
			isa = PBXCopyFilesBuildPhase;
			buildActionMask = 2147483647;
			dstPath = "";
			dstSubfolderSpec = 10;
			files = (
				0AD2829C1FF47BD50044E41C /* Alamofire.framework in Embed Frameworks */,
				0A0235B01FFD20E600CBD846 /* PagingMenuController.framework in Embed Frameworks */,
			);
			name = "Embed Frameworks";
			runOnlyForDeploymentPostprocessing = 0;
		};
/* End PBXCopyFilesBuildPhase section */

/* Begin PBXFileReference section */
		0A00793D1FFCB626005E93B6 /* SwiftNotice.swift */ = {isa = PBXFileReference; lastKnownFileType = sourcecode.swift; path = SwiftNotice.swift; sourceTree = "<group>"; };
		0A0235A21FFD20CB00CBD846 /* PagingMenuController.xcodeproj */ = {isa = PBXFileReference; lastKnownFileType = "wrapper.pb-project"; name = PagingMenuController.xcodeproj; path = "../../../Downloads/PagingMenuController-master/PagingMenuController.xcodeproj"; sourceTree = "<group>"; };
		0A0235B31FFD23B900CBD846 /* OrdersViewController.swift */ = {isa = PBXFileReference; lastKnownFileType = sourcecode.swift; path = OrdersViewController.swift; sourceTree = "<group>"; };
		0A0235B51FFD23C600CBD846 /* TastsViewController.swift */ = {isa = PBXFileReference; lastKnownFileType = sourcecode.swift; path = TastsViewController.swift; sourceTree = "<group>"; };
		0A036A502027FE7F00A2F036 /* UnlockGestureView.swift */ = {isa = PBXFileReference; lastKnownFileType = sourcecode.swift; path = UnlockGestureView.swift; sourceTree = "<group>"; };
		0A036A5A2028682D00A2F036 /* SecuritySettingViewController.swift */ = {isa = PBXFileReference; lastKnownFileType = sourcecode.swift; path = SecuritySettingViewController.swift; sourceTree = "<group>"; };
		0A1295552072EB5E00C21C66 /* msg.wav */ = {isa = PBXFileReference; lastKnownFileType = audio.wav; path = msg.wav; sourceTree = "<group>"; };
		0A200289206134CD00A81D21 /* TaskContentTableViewCell.swift */ = {isa = PBXFileReference; lastKnownFileType = sourcecode.swift; path = TaskContentTableViewCell.swift; sourceTree = "<group>"; };
		0A25DF96201D7E63009CBDEA /* contactList.plist */ = {isa = PBXFileReference; lastKnownFileType = text.plist.xml; path = contactList.plist; sourceTree = "<group>"; };
		0A38067A2031DB680077E77F /* CircleInfoView.swift */ = {isa = PBXFileReference; lastKnownFileType = sourcecode.swift; path = CircleInfoView.swift; sourceTree = "<group>"; };
		0A3806832031E0B30077E77F /* LockLabel.swift */ = {isa = PBXFileReference; lastKnownFileType = sourcecode.swift; path = LockLabel.swift; sourceTree = "<group>"; };
		0A3806852031E3290077E77F /* GestureVerifyViewController.swift */ = {isa = PBXFileReference; lastKnownFileType = sourcecode.swift; path = GestureVerifyViewController.swift; sourceTree = "<group>"; };
		0A3806872035C1CD0077E77F /* CircleView.swift */ = {isa = PBXFileReference; lastKnownFileType = sourcecode.swift; path = CircleView.swift; sourceTree = "<group>"; };
		0A3806892035C9680077E77F /* Circle.swift */ = {isa = PBXFileReference; lastKnownFileType = sourcecode.swift; path = Circle.swift; sourceTree = "<group>"; };
		0A38068B2035D6560077E77F /* GestureViewController.swift */ = {isa = PBXFileReference; lastKnownFileType = sourcecode.swift; name = GestureViewController.swift; path = ZhibaoZone/Me/SetSecuritySetting/GestureViewController.swift; sourceTree = SOURCE_ROOT; };
		0A3AA20D1FF61C5F00EBC482 /* WorkZoneViewController.swift */ = {isa = PBXFileReference; lastKnownFileType = sourcecode.swift; path = WorkZoneViewController.swift; sourceTree = "<group>"; };
		0A3AA2161FF61C6E00EBC482 /* MeViewController.swift */ = {isa = PBXFileReference; lastKnownFileType = sourcecode.swift; path = MeViewController.swift; sourceTree = "<group>"; };
		0A54F30920567AE800103FD8 /* MessageListViewController.swift */ = {isa = PBXFileReference; lastKnownFileType = sourcecode.swift; path = MessageListViewController.swift; sourceTree = "<group>"; };
		0A54F30B20567B2000103FD8 /* MessagesTableViewCell.swift */ = {isa = PBXFileReference; lastKnownFileType = sourcecode.swift; path = MessagesTableViewCell.swift; sourceTree = "<group>"; };
		0A594E1D206C843700A67950 /* SetParamtersViewController.swift */ = {isa = PBXFileReference; lastKnownFileType = sourcecode.swift; path = SetParamtersViewController.swift; sourceTree = "<group>"; };
		0A594E1F206CBDA900A67950 /* MarkSlider.swift */ = {isa = PBXFileReference; lastKnownFileType = sourcecode.swift; path = MarkSlider.swift; sourceTree = "<group>"; };
		0A594E232070793C00A67950 /* ReplyView.swift */ = {isa = PBXFileReference; lastKnownFileType = sourcecode.swift; path = ReplyView.swift; sourceTree = "<group>"; };
		0A594E262070797800A67950 /* ReplyTableViewTableViewController.swift */ = {isa = PBXFileReference; lastKnownFileType = sourcecode.swift; path = ReplyTableViewTableViewController.swift; sourceTree = "<group>"; };
		0A594E28207079CD00A67950 /* ReplyTableViewCell.swift */ = {isa = PBXFileReference; lastKnownFileType = sourcecode.swift; path = ReplyTableViewCell.swift; sourceTree = "<group>"; };
		0A5B5C1B1FF2248700A92C20 /* User.swift */ = {isa = PBXFileReference; lastKnownFileType = sourcecode.swift; path = User.swift; sourceTree = "<group>"; };
		0A5B5C1D1FF23B5F00A92C20 /* greyLayerPrompt.swift */ = {isa = PBXFileReference; lastKnownFileType = sourcecode.swift; path = greyLayerPrompt.swift; sourceTree = "<group>"; };
		0A5B5C1F1FF2536300A92C20 /* CoreDataOperation.swift */ = {isa = PBXFileReference; lastKnownFileType = sourcecode.swift; path = CoreDataOperation.swift; sourceTree = "<group>"; };
		0A610D8B201C282A00DE46B7 /* chooseContactTableViewController.swift */ = {isa = PBXFileReference; lastKnownFileType = sourcecode.swift; path = chooseContactTableViewController.swift; sourceTree = "<group>"; };
		0A610D8E201C296B00DE46B7 /* chooseContactTableViewCell.swift */ = {isa = PBXFileReference; lastKnownFileType = sourcecode.swift; path = chooseContactTableViewCell.swift; sourceTree = "<group>"; };
		0A6AD6541FF1EFB4009A511A /* ZhibaoZone.app */ = {isa = PBXFileReference; explicitFileType = wrapper.application; includeInIndex = 0; path = ZhibaoZone.app; sourceTree = BUILT_PRODUCTS_DIR; };
		0A6AD6571FF1EFB4009A511A /* AppDelegate.swift */ = {isa = PBXFileReference; lastKnownFileType = sourcecode.swift; path = AppDelegate.swift; sourceTree = "<group>"; };
		0A6AD6591FF1EFB4009A511A /* ViewController.swift */ = {isa = PBXFileReference; lastKnownFileType = sourcecode.swift; path = ViewController.swift; sourceTree = "<group>"; };
		0A6AD65C1FF1EFB4009A511A /* Base */ = {isa = PBXFileReference; lastKnownFileType = file.storyboard; name = Base; path = Base.lproj/Main.storyboard; sourceTree = "<group>"; };
		0A6AD6661FF1EFB4009A511A /* Info.plist */ = {isa = PBXFileReference; lastKnownFileType = text.plist.xml; path = Info.plist; sourceTree = "<group>"; };
		0A6AD66B1FF1EFB4009A511A /* ZhibaoZoneTests.xctest */ = {isa = PBXFileReference; explicitFileType = wrapper.cfbundle; includeInIndex = 0; path = ZhibaoZoneTests.xctest; sourceTree = BUILT_PRODUCTS_DIR; };
		0A6AD66F1FF1EFB4009A511A /* ZhibaoZoneTests.swift */ = {isa = PBXFileReference; lastKnownFileType = sourcecode.swift; path = ZhibaoZoneTests.swift; sourceTree = "<group>"; };
		0A6AD6711FF1EFB4009A511A /* Info.plist */ = {isa = PBXFileReference; lastKnownFileType = text.plist.xml; path = Info.plist; sourceTree = "<group>"; };
		0A6AD6761FF1EFB4009A511A /* ZhibaoZoneUITests.xctest */ = {isa = PBXFileReference; explicitFileType = wrapper.cfbundle; includeInIndex = 0; path = ZhibaoZoneUITests.xctest; sourceTree = BUILT_PRODUCTS_DIR; };
		0A6AD67A1FF1EFB4009A511A /* ZhibaoZoneUITests.swift */ = {isa = PBXFileReference; lastKnownFileType = sourcecode.swift; path = ZhibaoZoneUITests.swift; sourceTree = "<group>"; };
		0A6AD67C1FF1EFB4009A511A /* Info.plist */ = {isa = PBXFileReference; lastKnownFileType = text.plist.xml; path = Info.plist; sourceTree = "<group>"; };
		0A6B3F0F1FFB38BE0014AF24 /* AccountInfo.xcdatamodel */ = {isa = PBXFileReference; explicitFileType = wrapper.xcdatamodel; path = AccountInfo.xcdatamodel; sourceTree = "<group>"; };
		0A83CA64205F6AE400F59A70 /* UIImage+Gif.swift */ = {isa = PBXFileReference; fileEncoding = 4; lastKnownFileType = sourcecode.swift; path = "UIImage+Gif.swift"; sourceTree = "<group>"; };
		0A92C13720233E750062553A /* deviceToken.plist */ = {isa = PBXFileReference; lastKnownFileType = text.plist.xml; path = deviceToken.plist; sourceTree = "<group>"; };
		0A9716822009F910007922FB /* NewTaskViewCell.swift */ = {isa = PBXFileReference; lastKnownFileType = sourcecode.swift; path = NewTaskViewCell.swift; sourceTree = "<group>"; };
		0AB76695200CA8AB00851E16 /* config.plist */ = {isa = PBXFileReference; lastKnownFileType = text.plist.xml; path = config.plist; sourceTree = "<group>"; };
		0AB7669F200DC46800851E16 /* HGImageCollectionViewCell.swift */ = {isa = PBXFileReference; fileEncoding = 4; lastKnownFileType = sourcecode.swift; name = HGImageCollectionViewCell.swift; path = ../../../../../Downloads/hangge_1512/hangge_1512/HGImageCollectionViewCell.swift; sourceTree = "<group>"; };
		0AB766A0200DC46900851E16 /* HGImage.storyboard */ = {isa = PBXFileReference; fileEncoding = 4; lastKnownFileType = file.storyboard; name = HGImage.storyboard; path = ../../../../../Downloads/hangge_1512/hangge_1512/HGImage.storyboard; sourceTree = "<group>"; };
		0AB766A1200DC46900851E16 /* HGImageCollectionViewController.swift */ = {isa = PBXFileReference; fileEncoding = 4; lastKnownFileType = sourcecode.swift; name = HGImageCollectionViewController.swift; path = ../../../../../Downloads/hangge_1512/hangge_1512/HGImageCollectionViewController.swift; sourceTree = "<group>"; };
		0AB766A2200DC46900851E16 /* HGImagePickerCell.swift */ = {isa = PBXFileReference; fileEncoding = 4; lastKnownFileType = sourcecode.swift; name = HGImagePickerCell.swift; path = ../../../../../Downloads/hangge_1512/hangge_1512/HGImagePickerCell.swift; sourceTree = "<group>"; };
		0AB766A3200DC46900851E16 /* HGImageCompleteButton.swift */ = {isa = PBXFileReference; fileEncoding = 4; lastKnownFileType = sourcecode.swift; name = HGImageCompleteButton.swift; path = ../../../../../Downloads/hangge_1512/hangge_1512/HGImageCompleteButton.swift; sourceTree = "<group>"; };
		0AB766A4200DC46900851E16 /* HGImage.xcassets */ = {isa = PBXFileReference; lastKnownFileType = folder.assetcatalog; name = HGImage.xcassets; path = ../../../../../Downloads/hangge_1512/hangge_1512/HGImage.xcassets; sourceTree = "<group>"; };
		0AB766A5200DC46900851E16 /* HGImagePickerController.swift */ = {isa = PBXFileReference; fileEncoding = 4; lastKnownFileType = sourcecode.swift; name = HGImagePickerController.swift; path = ../../../../../Downloads/hangge_1512/hangge_1512/HGImagePickerController.swift; sourceTree = "<group>"; };
		0AC1AC55204E2B250096A6F6 /* QCloudCore.framework */ = {isa = PBXFileReference; lastKnownFileType = wrapper.framework; path = QCloudCore.framework; sourceTree = "<group>"; };
		0AC1AC56204E2B250096A6F6 /* QCloudCOSXML.framework */ = {isa = PBXFileReference; lastKnownFileType = wrapper.framework; path = QCloudCOSXML.framework; sourceTree = "<group>"; };
		0AC1AC5A204E2B890096A6F6 /* CoreTelephony.framework */ = {isa = PBXFileReference; lastKnownFileType = wrapper.framework; name = CoreTelephony.framework; path = System/Library/Frameworks/CoreTelephony.framework; sourceTree = SDKROOT; };
		0AC1AC5C204E2B980096A6F6 /* Foundation.framework */ = {isa = PBXFileReference; lastKnownFileType = wrapper.framework; name = Foundation.framework; path = System/Library/Frameworks/Foundation.framework; sourceTree = SDKROOT; };
		0AC1AC5E204E2BA20096A6F6 /* SystemConfiguration.framework */ = {isa = PBXFileReference; lastKnownFileType = wrapper.framework; name = SystemConfiguration.framework; path = System/Library/Frameworks/SystemConfiguration.framework; sourceTree = SDKROOT; };
		0AC1AC60204E2BAD0096A6F6 /* libstdc++.tbd */ = {isa = PBXFileReference; lastKnownFileType = "sourcecode.text-based-dylib-definition"; name = "libstdc++.tbd"; path = "usr/lib/libstdc++.tbd"; sourceTree = SDKROOT; };
		0AC1AC62204E6F210096A6F6 /* KVProgressBar.swift */ = {isa = PBXFileReference; lastKnownFileType = sourcecode.swift; path = KVProgressBar.swift; sourceTree = "<group>"; };
		0AC967BB1FFC8B8300ABEEAB /* SwiftNotice.swift */ = {isa = PBXFileReference; fileEncoding = 4; lastKnownFileType = sourcecode.swift; name = SwiftNotice.swift; path = "../../../../Downloads/SwiftNotice-swift4/SwiftNotice.swift"; sourceTree = "<group>"; };
		0ACD41352064B4B4002F1D14 /* normalUserViewController.swift */ = {isa = PBXFileReference; lastKnownFileType = sourcecode.swift; path = normalUserViewController.swift; sourceTree = "<group>"; };
		0AD282821FF47BBC0044E41C /* Alamofire.xcodeproj */ = {isa = PBXFileReference; lastKnownFileType = "wrapper.pb-project"; name = Alamofire.xcodeproj; path = "Alamofire-master/Alamofire.xcodeproj"; sourceTree = "<group>"; };
		0AD2829F1FF4B3A50044E41C /* SwiftyJSON.swift */ = {isa = PBXFileReference; fileEncoding = 4; lastKnownFileType = sourcecode.swift; path = SwiftyJSON.swift; sourceTree = "<group>"; };
		0AD282AF1FF60E7A0044E41C /* TabBarController.swift */ = {isa = PBXFileReference; lastKnownFileType = sourcecode.swift; path = TabBarController.swift; sourceTree = "<group>"; };
		0ADCB7FA200EEAD500DCD7C8 /* ImagePreviewVC.swift */ = {isa = PBXFileReference; lastKnownFileType = sourcecode.swift; path = ImagePreviewVC.swift; sourceTree = "<group>"; };
		0ADCB7FC200EEB2500DCD7C8 /* ImagePreviewCell.swift */ = {isa = PBXFileReference; lastKnownFileType = sourcecode.swift; path = ImagePreviewCell.swift; sourceTree = "<group>"; };
		0ADCB8032011FEBB00DCD7C8 /* OrdersTableViewCell.swift */ = {isa = PBXFileReference; lastKnownFileType = sourcecode.swift; path = OrdersTableViewCell.swift; sourceTree = "<group>"; };
		0ADD51CD2022ED5F008FE934 /* ZhibaoZone.entitlements */ = {isa = PBXFileReference; lastKnownFileType = text.plist.entitlements; path = ZhibaoZone.entitlements; sourceTree = "<group>"; };
		0AE149C52001E3BD005A2E55 /* NewTaskViewController.swift */ = {isa = PBXFileReference; lastKnownFileType = sourcecode.swift; path = NewTaskViewController.swift; sourceTree = "<group>"; };
		0AF06C3B20171D40008E2DE9 /* ESPullToRefresh+Manager.swift */ = {isa = PBXFileReference; fileEncoding = 4; lastKnownFileType = sourcecode.swift; path = "ESPullToRefresh+Manager.swift"; sourceTree = "<group>"; };
		0AF06C3C20171D40008E2DE9 /* ESRefreshAnimator.swift */ = {isa = PBXFileReference; fileEncoding = 4; lastKnownFileType = sourcecode.swift; path = ESRefreshAnimator.swift; sourceTree = "<group>"; };
		0AF06C3D20171D40008E2DE9 /* ESRefreshComponent.swift */ = {isa = PBXFileReference; fileEncoding = 4; lastKnownFileType = sourcecode.swift; path = ESRefreshComponent.swift; sourceTree = "<group>"; };
		0AF06C4020171D40008E2DE9 /* zh-Hans */ = {isa = PBXFileReference; lastKnownFileType = text.plist.strings; name = "zh-Hans"; path = "zh-Hans.lproj/Localizable.strings"; sourceTree = "<group>"; };
		0AF06C4120171D40008E2DE9 /* Base */ = {isa = PBXFileReference; lastKnownFileType = text.plist.strings; name = Base; path = Base.lproj/Localizable.strings; sourceTree = "<group>"; };
		0AF06C4220171D40008E2DE9 /* zh-Hant */ = {isa = PBXFileReference; lastKnownFileType = text.plist.strings; name = "zh-Hant"; path = "zh-Hant.lproj/Localizable.strings"; sourceTree = "<group>"; };
		0AF06C4320171D40008E2DE9 /* ESRefreshHeaderAnimator.swift */ = {isa = PBXFileReference; fileEncoding = 4; lastKnownFileType = sourcecode.swift; path = ESRefreshHeaderAnimator.swift; sourceTree = "<group>"; };
		0AF06C4420171D40008E2DE9 /* icon_pull_to_refresh_arrow@2x.png */ = {isa = PBXFileReference; lastKnownFileType = image.png; path = "icon_pull_to_refresh_arrow@2x.png"; sourceTree = "<group>"; };
		0AF06C4520171D40008E2DE9 /* ESRefreshFooterAnimator.swift */ = {isa = PBXFileReference; fileEncoding = 4; lastKnownFileType = sourcecode.swift; path = ESRefreshFooterAnimator.swift; sourceTree = "<group>"; };
		0AF06C4620171D40008E2DE9 /* ESRefreshProtocol.swift */ = {isa = PBXFileReference; fileEncoding = 4; lastKnownFileType = sourcecode.swift; path = ESRefreshProtocol.swift; sourceTree = "<group>"; };
		0AF06C4720171D40008E2DE9 /* ES.swift */ = {isa = PBXFileReference; fileEncoding = 4; lastKnownFileType = sourcecode.swift; path = ES.swift; sourceTree = "<group>"; };
		0AF06C4820171D40008E2DE9 /* ESPullToRefresh.swift */ = {isa = PBXFileReference; fileEncoding = 4; lastKnownFileType = sourcecode.swift; path = ESPullToRefresh.swift; sourceTree = "<group>"; };
		0AF06C532018638F008E2DE9 /* TaskListTableViewCell.swift */ = {isa = PBXFileReference; lastKnownFileType = sourcecode.swift; path = TaskListTableViewCell.swift; sourceTree = "<group>"; };
		0AF06C5520187F4A008E2DE9 /* Assets.xcassets */ = {isa = PBXFileReference; lastKnownFileType = folder.assetcatalog; name = Assets.xcassets; path = ZhibaoZone/Assets.xcassets; sourceTree = SOURCE_ROOT; };
		0AF06C572018F465008E2DE9 /* TaskDetailViewController.swift */ = {isa = PBXFileReference; lastKnownFileType = sourcecode.swift; path = TaskDetailViewController.swift; sourceTree = "<group>"; };
/* End PBXFileReference section */

/* Begin PBXFrameworksBuildPhase section */
		0A6AD6511FF1EFB4009A511A /* Frameworks */ = {
			isa = PBXFrameworksBuildPhase;
			buildActionMask = 2147483647;
			files = (
				0AC1AC61204E2BAD0096A6F6 /* libstdc++.tbd in Frameworks */,
				0AC1AC5F204E2BA20096A6F6 /* SystemConfiguration.framework in Frameworks */,
				0AC1AC5D204E2B980096A6F6 /* Foundation.framework in Frameworks */,
				0AC1AC5B204E2B890096A6F6 /* CoreTelephony.framework in Frameworks */,
				0AC1AC58204E2B260096A6F6 /* QCloudCOSXML.framework in Frameworks */,
				0AC1AC57204E2B260096A6F6 /* QCloudCore.framework in Frameworks */,
				0AD2829B1FF47BD50044E41C /* Alamofire.framework in Frameworks */,
				0A0235AF1FFD20E600CBD846 /* PagingMenuController.framework in Frameworks */,
			);
			runOnlyForDeploymentPostprocessing = 0;
		};
		0A6AD6681FF1EFB4009A511A /* Frameworks */ = {
			isa = PBXFrameworksBuildPhase;
			buildActionMask = 2147483647;
			files = (
			);
			runOnlyForDeploymentPostprocessing = 0;
		};
		0A6AD6731FF1EFB4009A511A /* Frameworks */ = {
			isa = PBXFrameworksBuildPhase;
			buildActionMask = 2147483647;
			files = (
			);
			runOnlyForDeploymentPostprocessing = 0;
		};
/* End PBXFrameworksBuildPhase section */

/* Begin PBXGroup section */
		0A0235A31FFD20CB00CBD846 /* Products */ = {
			isa = PBXGroup;
			children = (
				0A0235AE1FFD20CB00CBD846 /* PagingMenuController.framework */,
			);
			name = Products;
			sourceTree = "<group>";
		};
		0A036A59202867FB00A2F036 /* SecuritySetting */ = {
			isa = PBXGroup;
			children = (
				0A036A502027FE7F00A2F036 /* UnlockGestureView.swift */,
				0A036A5A2028682D00A2F036 /* SecuritySettingViewController.swift */,
				0A38068B2035D6560077E77F /* GestureViewController.swift */,
			);
			path = SecuritySetting;
			sourceTree = "<group>";
		};
		0A54F30120567AB400103FD8 /* MessageList */ = {
			isa = PBXGroup;
			children = (
				0A54F30920567AE800103FD8 /* MessageListViewController.swift */,
				0A54F30B20567B2000103FD8 /* MessagesTableViewCell.swift */,
			);
			path = MessageList;
			sourceTree = "<group>";
		};
		0A594E15206C841600A67950 /* SetParameters */ = {
			isa = PBXGroup;
			children = (
				0A594E1D206C843700A67950 /* SetParamtersViewController.swift */,
				0A594E1F206CBDA900A67950 /* MarkSlider.swift */,
			);
			path = SetParameters;
			sourceTree = "<group>";
		};
		0A594E252070794B00A67950 /* ReplyView */ = {
			isa = PBXGroup;
			children = (
				0A594E232070793C00A67950 /* ReplyView.swift */,
				0A594E262070797800A67950 /* ReplyTableViewTableViewController.swift */,
				0A594E28207079CD00A67950 /* ReplyTableViewCell.swift */,
			);
			path = ReplyView;
			sourceTree = "<group>";
		};
		0A610D8D201C294600DE46B7 /* ChooseContact */ = {
			isa = PBXGroup;
			children = (
				0A610D8B201C282A00DE46B7 /* chooseContactTableViewController.swift */,
				0A610D8E201C296B00DE46B7 /* chooseContactTableViewCell.swift */,
			);
			path = ChooseContact;
			sourceTree = "<group>";
		};
		0A68BBB420294D1300359A78 /* SetSecuritySetting */ = {
			isa = PBXGroup;
			children = (
				0A38067A2031DB680077E77F /* CircleInfoView.swift */,
				0A3806832031E0B30077E77F /* LockLabel.swift */,
				0A3806852031E3290077E77F /* GestureVerifyViewController.swift */,
				0A3806872035C1CD0077E77F /* CircleView.swift */,
				0A3806892035C9680077E77F /* Circle.swift */,
			);
			path = SetSecuritySetting;
			sourceTree = "<group>";
		};
		0A6AD64B1FF1EFB4009A511A = {
			isa = PBXGroup;
			children = (
				0A92C13720233E750062553A /* deviceToken.plist */,
				0AB76695200CA8AB00851E16 /* config.plist */,
				0A25DF96201D7E63009CBDEA /* contactList.plist */,
				0A00793D1FFCB626005E93B6 /* SwiftNotice.swift */,
				0A1295552072EB5E00C21C66 /* msg.wav */,
				0A0235A21FFD20CB00CBD846 /* PagingMenuController.xcodeproj */,
				0AD282821FF47BBC0044E41C /* Alamofire.xcodeproj */,
				0A6AD6561FF1EFB4009A511A /* ZhibaoZone */,
				0A6AD66E1FF1EFB4009A511A /* ZhibaoZoneTests */,
				0A6AD6791FF1EFB4009A511A /* ZhibaoZoneUITests */,
				0A6AD6551FF1EFB4009A511A /* Products */,
				0AC1AC59204E2B890096A6F6 /* Frameworks */,
			);
			sourceTree = "<group>";
		};
		0A6AD6551FF1EFB4009A511A /* Products */ = {
			isa = PBXGroup;
			children = (
				0A6AD6541FF1EFB4009A511A /* ZhibaoZone.app */,
				0A6AD66B1FF1EFB4009A511A /* ZhibaoZoneTests.xctest */,
				0A6AD6761FF1EFB4009A511A /* ZhibaoZoneUITests.xctest */,
			);
			name = Products;
			sourceTree = "<group>";
		};
		0A6AD6561FF1EFB4009A511A /* ZhibaoZone */ = {
			isa = PBXGroup;
			children = (
				0A83CA63205F6AE400F59A70 /* SwiftGifCommon */,
				0AC1AC4D204E2B070096A6F6 /* QCloudCore */,
				0ADD51CD2022ED5F008FE934 /* ZhibaoZone.entitlements */,
				0AF06C5520187F4A008E2DE9 /* Assets.xcassets */,
				0AF06C3A20171D40008E2DE9 /* Sources */,
				0ADCB7F0200EE59F00DCD7C8 /* ImagePreview */,
				0AB7669E200DC43600851E16 /* HGImage */,
				0AD282AF1FF60E7A0044E41C /* TabBarController.swift */,
				0AD2829F1FF4B3A50044E41C /* SwiftyJSON.swift */,
				0A6AD6571FF1EFB4009A511A /* AppDelegate.swift */,
				0A610D8D201C294600DE46B7 /* ChooseContact */,
				0ADCB8002011ED2700DCD7C8 /* Me */,
				0ADCB7FF2011ECD800DCD7C8 /* Login */,
				0ACD412D2064B44C002F1D14 /* WebPage */,
				0ADCB7FE2011ECAD00DCD7C8 /* WorkZone */,
				0AC967BB1FFC8B8300ABEEAB /* SwiftNotice.swift */,
				0A5B5C1D1FF23B5F00A92C20 /* greyLayerPrompt.swift */,
				0A5B5C1F1FF2536300A92C20 /* CoreDataOperation.swift */,
				0A6AD65B1FF1EFB4009A511A /* Main.storyboard */,
				0A6AD6661FF1EFB4009A511A /* Info.plist */,
				0A6B3F0E1FFB38BE0014AF24 /* AccountInfo.xcdatamodeld */,
			);
			path = ZhibaoZone;
			sourceTree = "<group>";
		};
		0A6AD66E1FF1EFB4009A511A /* ZhibaoZoneTests */ = {
			isa = PBXGroup;
			children = (
				0A6AD66F1FF1EFB4009A511A /* ZhibaoZoneTests.swift */,
				0A6AD6711FF1EFB4009A511A /* Info.plist */,
			);
			path = ZhibaoZoneTests;
			sourceTree = "<group>";
		};
		0A6AD6791FF1EFB4009A511A /* ZhibaoZoneUITests */ = {
			isa = PBXGroup;
			children = (
				0A6AD67A1FF1EFB4009A511A /* ZhibaoZoneUITests.swift */,
				0A6AD67C1FF1EFB4009A511A /* Info.plist */,
			);
			path = ZhibaoZoneUITests;
			sourceTree = "<group>";
		};
		0A83CA63205F6AE400F59A70 /* SwiftGifCommon */ = {
			isa = PBXGroup;
			children = (
				0A83CA64205F6AE400F59A70 /* UIImage+Gif.swift */,
			);
			path = SwiftGifCommon;
			sourceTree = "<group>";
		};
		0AB7669E200DC43600851E16 /* HGImage */ = {
			isa = PBXGroup;
			children = (
				0AB766A4200DC46900851E16 /* HGImage.xcassets */,
				0AB7669F200DC46800851E16 /* HGImageCollectionViewCell.swift */,
				0AB766A1200DC46900851E16 /* HGImageCollectionViewController.swift */,
				0AB766A3200DC46900851E16 /* HGImageCompleteButton.swift */,
				0AB766A2200DC46900851E16 /* HGImagePickerCell.swift */,
				0AB766A5200DC46900851E16 /* HGImagePickerController.swift */,
				0AB766A0200DC46900851E16 /* HGImage.storyboard */,
			);
			path = HGImage;
			sourceTree = "<group>";
		};
		0AC1AC4D204E2B070096A6F6 /* QCloudCore */ = {
			isa = PBXGroup;
			children = (
				0AC1AC55204E2B250096A6F6 /* QCloudCore.framework */,
				0AC1AC56204E2B250096A6F6 /* QCloudCOSXML.framework */,
			);
			path = QCloudCore;
			sourceTree = "<group>";
		};
		0AC1AC59204E2B890096A6F6 /* Frameworks */ = {
			isa = PBXGroup;
			children = (
				0AC1AC60204E2BAD0096A6F6 /* libstdc++.tbd */,
				0AC1AC5E204E2BA20096A6F6 /* SystemConfiguration.framework */,
				0AC1AC5C204E2B980096A6F6 /* Foundation.framework */,
				0AC1AC5A204E2B890096A6F6 /* CoreTelephony.framework */,
			);
			name = Frameworks;
			sourceTree = "<group>";
		};
		0ACD412D2064B44C002F1D14 /* WebPage */ = {
			isa = PBXGroup;
			children = (
				0ACD41352064B4B4002F1D14 /* normalUserViewController.swift */,
			);
			path = WebPage;
			sourceTree = "<group>";
		};
		0AD282831FF47BBC0044E41C /* Products */ = {
			isa = PBXGroup;
			children = (
				0AD2828E1FF47BBC0044E41C /* Alamofire.framework */,
				0AD282901FF47BBC0044E41C /* Alamofire iOS Tests.xctest */,
				0AD282921FF47BBC0044E41C /* Alamofire.framework */,
				0AD282941FF47BBC0044E41C /* Alamofire macOS Tests.xctest */,
				0AD282961FF47BBC0044E41C /* Alamofire.framework */,
				0AD282981FF47BBC0044E41C /* Alamofire tvOS Tests.xctest */,
				0AD2829A1FF47BBC0044E41C /* Alamofire.framework */,
			);
			name = Products;
			sourceTree = "<group>";
		};
		0ADCB7F0200EE59F00DCD7C8 /* ImagePreview */ = {
			isa = PBXGroup;
			children = (
				0ADCB7FA200EEAD500DCD7C8 /* ImagePreviewVC.swift */,
				0ADCB7FC200EEB2500DCD7C8 /* ImagePreviewCell.swift */,
			);
			path = ImagePreview;
			sourceTree = "<group>";
		};
		0ADCB7FE2011ECAD00DCD7C8 /* WorkZone */ = {
			isa = PBXGroup;
			children = (
				0A594E252070794B00A67950 /* ReplyView */,
				0A54F30120567AB400103FD8 /* MessageList */,
				0ADCB8022011ED5700DCD7C8 /* TaskList */,
				0ADCB8012011ED3800DCD7C8 /* OrdersList */,
				0AE149C52001E3BD005A2E55 /* NewTaskViewController.swift */,
				0A3AA20D1FF61C5F00EBC482 /* WorkZoneViewController.swift */,
				0A9716822009F910007922FB /* NewTaskViewCell.swift */,
			);
			path = WorkZone;
			sourceTree = "<group>";
		};
		0ADCB7FF2011ECD800DCD7C8 /* Login */ = {
			isa = PBXGroup;
			children = (
				0A6AD6591FF1EFB4009A511A /* ViewController.swift */,
				0A5B5C1B1FF2248700A92C20 /* User.swift */,
			);
			path = Login;
			sourceTree = "<group>";
		};
		0ADCB8002011ED2700DCD7C8 /* Me */ = {
			isa = PBXGroup;
			children = (
				0A68BBB420294D1300359A78 /* SetSecuritySetting */,
				0A036A59202867FB00A2F036 /* SecuritySetting */,
				0A3AA2161FF61C6E00EBC482 /* MeViewController.swift */,
				0A594E15206C841600A67950 /* SetParameters */,
			);
			path = Me;
			sourceTree = "<group>";
		};
		0ADCB8012011ED3800DCD7C8 /* OrdersList */ = {
			isa = PBXGroup;
			children = (
				0A0235B31FFD23B900CBD846 /* OrdersViewController.swift */,
				0ADCB8032011FEBB00DCD7C8 /* OrdersTableViewCell.swift */,
			);
			path = OrdersList;
			sourceTree = "<group>";
		};
		0ADCB8022011ED5700DCD7C8 /* TaskList */ = {
			isa = PBXGroup;
			children = (
				0A0235B51FFD23C600CBD846 /* TastsViewController.swift */,
				0AF06C532018638F008E2DE9 /* TaskListTableViewCell.swift */,
				0AF06C572018F465008E2DE9 /* TaskDetailViewController.swift */,
				0A200289206134CD00A81D21 /* TaskContentTableViewCell.swift */,
			);
			path = TaskList;
			sourceTree = "<group>";
		};
		0AF06C3A20171D40008E2DE9 /* Sources */ = {
			isa = PBXGroup;
			children = (
				0AF06C3B20171D40008E2DE9 /* ESPullToRefresh+Manager.swift */,
				0AF06C3C20171D40008E2DE9 /* ESRefreshAnimator.swift */,
				0AF06C3D20171D40008E2DE9 /* ESRefreshComponent.swift */,
				0AF06C3E20171D40008E2DE9 /* Animator */,
				0AF06C4620171D40008E2DE9 /* ESRefreshProtocol.swift */,
				0AF06C4720171D40008E2DE9 /* ES.swift */,
				0AF06C4820171D40008E2DE9 /* ESPullToRefresh.swift */,
				0AC1AC62204E6F210096A6F6 /* KVProgressBar.swift */,
			);
			path = Sources;
			sourceTree = "<group>";
		};
		0AF06C3E20171D40008E2DE9 /* Animator */ = {
			isa = PBXGroup;
			children = (
				0AF06C3F20171D40008E2DE9 /* Localizable.strings */,
				0AF06C4320171D40008E2DE9 /* ESRefreshHeaderAnimator.swift */,
				0AF06C4420171D40008E2DE9 /* icon_pull_to_refresh_arrow@2x.png */,
				0AF06C4520171D40008E2DE9 /* ESRefreshFooterAnimator.swift */,
			);
			path = Animator;
			sourceTree = "<group>";
		};
/* End PBXGroup section */

/* Begin PBXNativeTarget section */
		0A6AD6531FF1EFB4009A511A /* ZhibaoZone */ = {
			isa = PBXNativeTarget;
			buildConfigurationList = 0A6AD67F1FF1EFB4009A511A /* Build configuration list for PBXNativeTarget "ZhibaoZone" */;
			buildPhases = (
				0A6AD6501FF1EFB4009A511A /* Sources */,
				0A6AD6511FF1EFB4009A511A /* Frameworks */,
				0A6AD6521FF1EFB4009A511A /* Resources */,
				0AD282811FF47B3D0044E41C /* Embed Frameworks */,
			);
			buildRules = (
			);
			dependencies = (
				0AD2829E1FF47BD50044E41C /* PBXTargetDependency */,
				0A0235B21FFD20E600CBD846 /* PBXTargetDependency */,
			);
			name = ZhibaoZone;
			productName = ZhibaoZone;
			productReference = 0A6AD6541FF1EFB4009A511A /* ZhibaoZone.app */;
			productType = "com.apple.product-type.application";
		};
		0A6AD66A1FF1EFB4009A511A /* ZhibaoZoneTests */ = {
			isa = PBXNativeTarget;
			buildConfigurationList = 0A6AD6821FF1EFB4009A511A /* Build configuration list for PBXNativeTarget "ZhibaoZoneTests" */;
			buildPhases = (
				0A6AD6671FF1EFB4009A511A /* Sources */,
				0A6AD6681FF1EFB4009A511A /* Frameworks */,
				0A6AD6691FF1EFB4009A511A /* Resources */,
			);
			buildRules = (
			);
			dependencies = (
				0A6AD66D1FF1EFB4009A511A /* PBXTargetDependency */,
			);
			name = ZhibaoZoneTests;
			productName = ZhibaoZoneTests;
			productReference = 0A6AD66B1FF1EFB4009A511A /* ZhibaoZoneTests.xctest */;
			productType = "com.apple.product-type.bundle.unit-test";
		};
		0A6AD6751FF1EFB4009A511A /* ZhibaoZoneUITests */ = {
			isa = PBXNativeTarget;
			buildConfigurationList = 0A6AD6851FF1EFB4009A511A /* Build configuration list for PBXNativeTarget "ZhibaoZoneUITests" */;
			buildPhases = (
				0A6AD6721FF1EFB4009A511A /* Sources */,
				0A6AD6731FF1EFB4009A511A /* Frameworks */,
				0A6AD6741FF1EFB4009A511A /* Resources */,
			);
			buildRules = (
			);
			dependencies = (
				0A6AD6781FF1EFB4009A511A /* PBXTargetDependency */,
			);
			name = ZhibaoZoneUITests;
			productName = ZhibaoZoneUITests;
			productReference = 0A6AD6761FF1EFB4009A511A /* ZhibaoZoneUITests.xctest */;
			productType = "com.apple.product-type.bundle.ui-testing";
		};
/* End PBXNativeTarget section */

/* Begin PBXProject section */
		0A6AD64C1FF1EFB4009A511A /* Project object */ = {
			isa = PBXProject;
			attributes = {
				LastSwiftUpdateCheck = 0920;
				LastUpgradeCheck = 0920;
				ORGANIZATIONNAME = Kevin;
				TargetAttributes = {
					0A6AD6531FF1EFB4009A511A = {
						CreatedOnToolsVersion = 9.2;
						LastSwiftMigration = 0920;
						ProvisioningStyle = Manual;
						SystemCapabilities = {
							com.apple.BackgroundModes = {
								enabled = 1;
							};
							com.apple.Push = {
								enabled = 1;
							};
						};
					};
					0A6AD66A1FF1EFB4009A511A = {
						CreatedOnToolsVersion = 9.2;
						ProvisioningStyle = Automatic;
						TestTargetID = 0A6AD6531FF1EFB4009A511A;
					};
					0A6AD6751FF1EFB4009A511A = {
						CreatedOnToolsVersion = 9.2;
						ProvisioningStyle = Automatic;
						TestTargetID = 0A6AD6531FF1EFB4009A511A;
					};
				};
			};
			buildConfigurationList = 0A6AD64F1FF1EFB4009A511A /* Build configuration list for PBXProject "ZhibaoZone" */;
			compatibilityVersion = "Xcode 8.0";
			developmentRegion = en;
			hasScannedForEncodings = 0;
			knownRegions = (
				en,
				Base,
				"zh-Hans",
				"zh-Hant",
			);
			mainGroup = 0A6AD64B1FF1EFB4009A511A;
			productRefGroup = 0A6AD6551FF1EFB4009A511A /* Products */;
			projectDirPath = "";
			projectReferences = (
				{
					ProductGroup = 0AD282831FF47BBC0044E41C /* Products */;
					ProjectRef = 0AD282821FF47BBC0044E41C /* Alamofire.xcodeproj */;
				},
				{
					ProductGroup = 0A0235A31FFD20CB00CBD846 /* Products */;
					ProjectRef = 0A0235A21FFD20CB00CBD846 /* PagingMenuController.xcodeproj */;
				},
			);
			projectRoot = "";
			targets = (
				0A6AD6531FF1EFB4009A511A /* ZhibaoZone */,
				0A6AD66A1FF1EFB4009A511A /* ZhibaoZoneTests */,
				0A6AD6751FF1EFB4009A511A /* ZhibaoZoneUITests */,
			);
		};
/* End PBXProject section */

/* Begin PBXReferenceProxy section */
		0A0235AE1FFD20CB00CBD846 /* PagingMenuController.framework */ = {
			isa = PBXReferenceProxy;
			fileType = wrapper.framework;
			path = PagingMenuController.framework;
			remoteRef = 0A0235AD1FFD20CB00CBD846 /* PBXContainerItemProxy */;
			sourceTree = BUILT_PRODUCTS_DIR;
		};
		0AD2828E1FF47BBC0044E41C /* Alamofire.framework */ = {
			isa = PBXReferenceProxy;
			fileType = wrapper.framework;
			path = Alamofire.framework;
			remoteRef = 0AD2828D1FF47BBC0044E41C /* PBXContainerItemProxy */;
			sourceTree = BUILT_PRODUCTS_DIR;
		};
		0AD282901FF47BBC0044E41C /* Alamofire iOS Tests.xctest */ = {
			isa = PBXReferenceProxy;
			fileType = wrapper.cfbundle;
			path = "Alamofire iOS Tests.xctest";
			remoteRef = 0AD2828F1FF47BBC0044E41C /* PBXContainerItemProxy */;
			sourceTree = BUILT_PRODUCTS_DIR;
		};
		0AD282921FF47BBC0044E41C /* Alamofire.framework */ = {
			isa = PBXReferenceProxy;
			fileType = wrapper.framework;
			path = Alamofire.framework;
			remoteRef = 0AD282911FF47BBC0044E41C /* PBXContainerItemProxy */;
			sourceTree = BUILT_PRODUCTS_DIR;
		};
		0AD282941FF47BBC0044E41C /* Alamofire macOS Tests.xctest */ = {
			isa = PBXReferenceProxy;
			fileType = wrapper.cfbundle;
			path = "Alamofire macOS Tests.xctest";
			remoteRef = 0AD282931FF47BBC0044E41C /* PBXContainerItemProxy */;
			sourceTree = BUILT_PRODUCTS_DIR;
		};
		0AD282961FF47BBC0044E41C /* Alamofire.framework */ = {
			isa = PBXReferenceProxy;
			fileType = wrapper.framework;
			path = Alamofire.framework;
			remoteRef = 0AD282951FF47BBC0044E41C /* PBXContainerItemProxy */;
			sourceTree = BUILT_PRODUCTS_DIR;
		};
		0AD282981FF47BBC0044E41C /* Alamofire tvOS Tests.xctest */ = {
			isa = PBXReferenceProxy;
			fileType = wrapper.cfbundle;
			path = "Alamofire tvOS Tests.xctest";
			remoteRef = 0AD282971FF47BBC0044E41C /* PBXContainerItemProxy */;
			sourceTree = BUILT_PRODUCTS_DIR;
		};
		0AD2829A1FF47BBC0044E41C /* Alamofire.framework */ = {
			isa = PBXReferenceProxy;
			fileType = wrapper.framework;
			path = Alamofire.framework;
			remoteRef = 0AD282991FF47BBC0044E41C /* PBXContainerItemProxy */;
			sourceTree = BUILT_PRODUCTS_DIR;
		};
/* End PBXReferenceProxy section */

/* Begin PBXResourcesBuildPhase section */
		0A6AD6521FF1EFB4009A511A /* Resources */ = {
			isa = PBXResourcesBuildPhase;
			buildActionMask = 2147483647;
			files = (
				0AF06C4E20171D40008E2DE9 /* icon_pull_to_refresh_arrow@2x.png in Resources */,
				0AB766A7200DC46900851E16 /* HGImage.storyboard in Resources */,
				0AF06C4C20171D40008E2DE9 /* Localizable.strings in Resources */,
				0A92C13820233E750062553A /* deviceToken.plist in Resources */,
				0A25DF97201D7E63009CBDEA /* contactList.plist in Resources */,
				0A1295562072EB5E00C21C66 /* msg.wav in Resources */,
				0AB76696200CA8AB00851E16 /* config.plist in Resources */,
				0AF06C5620187F4A008E2DE9 /* Assets.xcassets in Resources */,
				0AB766AB200DC46900851E16 /* HGImage.xcassets in Resources */,
				0A6AD65D1FF1EFB4009A511A /* Main.storyboard in Resources */,
			);
			runOnlyForDeploymentPostprocessing = 0;
		};
		0A6AD6691FF1EFB4009A511A /* Resources */ = {
			isa = PBXResourcesBuildPhase;
			buildActionMask = 2147483647;
			files = (
			);
			runOnlyForDeploymentPostprocessing = 0;
		};
		0A6AD6741FF1EFB4009A511A /* Resources */ = {
			isa = PBXResourcesBuildPhase;
			buildActionMask = 2147483647;
			files = (
			);
			runOnlyForDeploymentPostprocessing = 0;
		};
/* End PBXResourcesBuildPhase section */

/* Begin PBXSourcesBuildPhase section */
		0A6AD6501FF1EFB4009A511A /* Sources */ = {
			isa = PBXSourcesBuildPhase;
			buildActionMask = 2147483647;
			files = (
				0A0235B61FFD23C600CBD846 /* TastsViewController.swift in Sources */,
				0AB766A8200DC46900851E16 /* HGImageCollectionViewController.swift in Sources */,
				0A610D8F201C296B00DE46B7 /* chooseContactTableViewCell.swift in Sources */,
				0A036A5B2028682D00A2F036 /* SecuritySettingViewController.swift in Sources */,
				0A594E20206CBDA900A67950 /* MarkSlider.swift in Sources */,
				0A594E242070793C00A67950 /* ReplyView.swift in Sources */,
				0AE149C62001E3BD005A2E55 /* NewTaskViewController.swift in Sources */,
				0A6B3F101FFB38BE0014AF24 /* AccountInfo.xcdatamodeld in Sources */,
				0A3AA2171FF61C6E00EBC482 /* MeViewController.swift in Sources */,
				0AF06C4B20171D40008E2DE9 /* ESRefreshComponent.swift in Sources */,
				0AF06C582018F465008E2DE9 /* TaskDetailViewController.swift in Sources */,
				0AC1AC63204E6F210096A6F6 /* KVProgressBar.swift in Sources */,
				0AF06C4920171D40008E2DE9 /* ESPullToRefresh+Manager.swift in Sources */,
				0AF06C5220171D40008E2DE9 /* ESPullToRefresh.swift in Sources */,
				0ADCB7FB200EEAD500DCD7C8 /* ImagePreviewVC.swift in Sources */,
				0AB766AA200DC46900851E16 /* HGImageCompleteButton.swift in Sources */,
				0AB766A9200DC46900851E16 /* HGImagePickerCell.swift in Sources */,
				0AB766AC200DC46900851E16 /* HGImagePickerController.swift in Sources */,
				0A54F30A20567AE800103FD8 /* MessageListViewController.swift in Sources */,
				0ADCB8042011FEBB00DCD7C8 /* OrdersTableViewCell.swift in Sources */,
				0A6AD65A1FF1EFB4009A511A /* ViewController.swift in Sources */,
				0AC967C31FFC8B8300ABEEAB /* SwiftNotice.swift in Sources */,
				0A38068A2035C9680077E77F /* Circle.swift in Sources */,
				0AF06C4A20171D40008E2DE9 /* ESRefreshAnimator.swift in Sources */,
				0A6AD6581FF1EFB4009A511A /* AppDelegate.swift in Sources */,
				0A3806862031E3290077E77F /* GestureVerifyViewController.swift in Sources */,
				0AD282B01FF60E7A0044E41C /* TabBarController.swift in Sources */,
				0A38067B2031DB680077E77F /* CircleInfoView.swift in Sources */,
				0A9716832009F910007922FB /* NewTaskViewCell.swift in Sources */,
				0ADCB7FD200EEB2500DCD7C8 /* ImagePreviewCell.swift in Sources */,
				0A5B5C1E1FF23B5F00A92C20 /* greyLayerPrompt.swift in Sources */,
				0A3806882035C1CD0077E77F /* CircleView.swift in Sources */,
				0A594E29207079CD00A67950 /* ReplyTableViewCell.swift in Sources */,
				0A594E272070797800A67950 /* ReplyTableViewTableViewController.swift in Sources */,
				0A38068C2035D6560077E77F /* GestureViewController.swift in Sources */,
				0AF06C4D20171D40008E2DE9 /* ESRefreshHeaderAnimator.swift in Sources */,
				0A036A512027FE7F00A2F036 /* UnlockGestureView.swift in Sources */,
				0AF06C5020171D40008E2DE9 /* ESRefreshProtocol.swift in Sources */,
				0AF06C4F20171D40008E2DE9 /* ESRefreshFooterAnimator.swift in Sources */,
				0AF06C5120171D40008E2DE9 /* ES.swift in Sources */,
				0A5B5C201FF2536300A92C20 /* CoreDataOperation.swift in Sources */,
				0A610D8C201C282A00DE46B7 /* chooseContactTableViewController.swift in Sources */,
				0ACD41362064B4B4002F1D14 /* normalUserViewController.swift in Sources */,
				0A0235B41FFD23B900CBD846 /* OrdersViewController.swift in Sources */,
				0AB766A6200DC46900851E16 /* HGImageCollectionViewCell.swift in Sources */,
				0A3806842031E0B30077E77F /* LockLabel.swift in Sources */,
				0A54F30C20567B2000103FD8 /* MessagesTableViewCell.swift in Sources */,
				0A20028A206134CD00A81D21 /* TaskContentTableViewCell.swift in Sources */,
				0AF06C542018638F008E2DE9 /* TaskListTableViewCell.swift in Sources */,
				0A83CA6C205F6AE500F59A70 /* UIImage+Gif.swift in Sources */,
				0A3AA20E1FF61C5F00EBC482 /* WorkZoneViewController.swift in Sources */,
				0AD282A01FF4B3A50044E41C /* SwiftyJSON.swift in Sources */,
				0A594E1E206C843700A67950 /* SetParamtersViewController.swift in Sources */,
				0A5B5C1C1FF2248700A92C20 /* User.swift in Sources */,
			);
			runOnlyForDeploymentPostprocessing = 0;
		};
		0A6AD6671FF1EFB4009A511A /* Sources */ = {
			isa = PBXSourcesBuildPhase;
			buildActionMask = 2147483647;
			files = (
				0A6AD6701FF1EFB4009A511A /* ZhibaoZoneTests.swift in Sources */,
			);
			runOnlyForDeploymentPostprocessing = 0;
		};
		0A6AD6721FF1EFB4009A511A /* Sources */ = {
			isa = PBXSourcesBuildPhase;
			buildActionMask = 2147483647;
			files = (
				0A6AD67B1FF1EFB4009A511A /* ZhibaoZoneUITests.swift in Sources */,
			);
			runOnlyForDeploymentPostprocessing = 0;
		};
/* End PBXSourcesBuildPhase section */

/* Begin PBXTargetDependency section */
		0A0235B21FFD20E600CBD846 /* PBXTargetDependency */ = {
			isa = PBXTargetDependency;
			name = PagingMenuController;
			targetProxy = 0A0235B11FFD20E600CBD846 /* PBXContainerItemProxy */;
		};
		0A6AD66D1FF1EFB4009A511A /* PBXTargetDependency */ = {
			isa = PBXTargetDependency;
			target = 0A6AD6531FF1EFB4009A511A /* ZhibaoZone */;
			targetProxy = 0A6AD66C1FF1EFB4009A511A /* PBXContainerItemProxy */;
		};
		0A6AD6781FF1EFB4009A511A /* PBXTargetDependency */ = {
			isa = PBXTargetDependency;
			target = 0A6AD6531FF1EFB4009A511A /* ZhibaoZone */;
			targetProxy = 0A6AD6771FF1EFB4009A511A /* PBXContainerItemProxy */;
		};
		0AD2829E1FF47BD50044E41C /* PBXTargetDependency */ = {
			isa = PBXTargetDependency;
			name = "Alamofire iOS";
			targetProxy = 0AD2829D1FF47BD50044E41C /* PBXContainerItemProxy */;
		};
/* End PBXTargetDependency section */

/* Begin PBXVariantGroup section */
		0A6AD65B1FF1EFB4009A511A /* Main.storyboard */ = {
			isa = PBXVariantGroup;
			children = (
				0A6AD65C1FF1EFB4009A511A /* Base */,
			);
			name = Main.storyboard;
			sourceTree = "<group>";
		};
		0AF06C3F20171D40008E2DE9 /* Localizable.strings */ = {
			isa = PBXVariantGroup;
			children = (
				0AF06C4020171D40008E2DE9 /* zh-Hans */,
				0AF06C4120171D40008E2DE9 /* Base */,
				0AF06C4220171D40008E2DE9 /* zh-Hant */,
			);
			name = Localizable.strings;
			sourceTree = "<group>";
		};
/* End PBXVariantGroup section */

/* Begin XCBuildConfiguration section */
		0A6AD67D1FF1EFB4009A511A /* Debug */ = {
			isa = XCBuildConfiguration;
			buildSettings = {
				ALWAYS_SEARCH_USER_PATHS = NO;
				CLANG_ANALYZER_NONNULL = YES;
				CLANG_ANALYZER_NUMBER_OBJECT_CONVERSION = YES_AGGRESSIVE;
				CLANG_CXX_LANGUAGE_STANDARD = "gnu++14";
				CLANG_CXX_LIBRARY = "libc++";
				CLANG_ENABLE_MODULES = YES;
				CLANG_ENABLE_OBJC_ARC = YES;
				CLANG_WARN_BLOCK_CAPTURE_AUTORELEASING = YES;
				CLANG_WARN_BOOL_CONVERSION = YES;
				CLANG_WARN_COMMA = YES;
				CLANG_WARN_CONSTANT_CONVERSION = YES;
				CLANG_WARN_DIRECT_OBJC_ISA_USAGE = YES_ERROR;
				CLANG_WARN_DOCUMENTATION_COMMENTS = YES;
				CLANG_WARN_EMPTY_BODY = YES;
				CLANG_WARN_ENUM_CONVERSION = YES;
				CLANG_WARN_INFINITE_RECURSION = YES;
				CLANG_WARN_INT_CONVERSION = YES;
				CLANG_WARN_NON_LITERAL_NULL_CONVERSION = YES;
				CLANG_WARN_OBJC_LITERAL_CONVERSION = YES;
				CLANG_WARN_OBJC_ROOT_CLASS = YES_ERROR;
				CLANG_WARN_RANGE_LOOP_ANALYSIS = YES;
				CLANG_WARN_STRICT_PROTOTYPES = YES;
				CLANG_WARN_SUSPICIOUS_MOVE = YES;
				CLANG_WARN_UNGUARDED_AVAILABILITY = YES_AGGRESSIVE;
				CLANG_WARN_UNREACHABLE_CODE = YES;
				CLANG_WARN__DUPLICATE_METHOD_MATCH = YES;
				CODE_SIGN_IDENTITY = "iPhone Developer: Xiaogang Liu (2989VF99X4)";
				CODE_SIGN_STYLE = Manual;
				COPY_PHASE_STRIP = NO;
				DEBUG_INFORMATION_FORMAT = dwarf;
				ENABLE_STRICT_OBJC_MSGSEND = YES;
				ENABLE_TESTABILITY = YES;
				GCC_C_LANGUAGE_STANDARD = gnu11;
				GCC_DYNAMIC_NO_PIC = NO;
				GCC_NO_COMMON_BLOCKS = YES;
				GCC_OPTIMIZATION_LEVEL = 0;
				GCC_PREPROCESSOR_DEFINITIONS = (
					"DEBUG=1",
					"$(inherited)",
				);
				GCC_WARN_64_TO_32_BIT_CONVERSION = YES;
				GCC_WARN_ABOUT_RETURN_TYPE = YES_ERROR;
				GCC_WARN_UNDECLARED_SELECTOR = YES;
				GCC_WARN_UNINITIALIZED_AUTOS = YES_AGGRESSIVE;
				GCC_WARN_UNUSED_FUNCTION = YES;
				GCC_WARN_UNUSED_VARIABLE = YES;
				IPHONEOS_DEPLOYMENT_TARGET = 10.0;
				MTL_ENABLE_DEBUG_INFO = YES;
				ONLY_ACTIVE_ARCH = YES;
				SDKROOT = iphoneos;
				SWIFT_ACTIVE_COMPILATION_CONDITIONS = DEBUG;
				SWIFT_OPTIMIZATION_LEVEL = "-Onone";
			};
			name = Debug;
		};
		0A6AD67E1FF1EFB4009A511A /* Release */ = {
			isa = XCBuildConfiguration;
			buildSettings = {
				ALWAYS_SEARCH_USER_PATHS = NO;
				CLANG_ANALYZER_NONNULL = YES;
				CLANG_ANALYZER_NUMBER_OBJECT_CONVERSION = YES_AGGRESSIVE;
				CLANG_CXX_LANGUAGE_STANDARD = "gnu++14";
				CLANG_CXX_LIBRARY = "libc++";
				CLANG_ENABLE_MODULES = YES;
				CLANG_ENABLE_OBJC_ARC = YES;
				CLANG_WARN_BLOCK_CAPTURE_AUTORELEASING = YES;
				CLANG_WARN_BOOL_CONVERSION = YES;
				CLANG_WARN_COMMA = YES;
				CLANG_WARN_CONSTANT_CONVERSION = YES;
				CLANG_WARN_DIRECT_OBJC_ISA_USAGE = YES_ERROR;
				CLANG_WARN_DOCUMENTATION_COMMENTS = YES;
				CLANG_WARN_EMPTY_BODY = YES;
				CLANG_WARN_ENUM_CONVERSION = YES;
				CLANG_WARN_INFINITE_RECURSION = YES;
				CLANG_WARN_INT_CONVERSION = YES;
				CLANG_WARN_NON_LITERAL_NULL_CONVERSION = YES;
				CLANG_WARN_OBJC_LITERAL_CONVERSION = YES;
				CLANG_WARN_OBJC_ROOT_CLASS = YES_ERROR;
				CLANG_WARN_RANGE_LOOP_ANALYSIS = YES;
				CLANG_WARN_STRICT_PROTOTYPES = YES;
				CLANG_WARN_SUSPICIOUS_MOVE = YES;
				CLANG_WARN_UNGUARDED_AVAILABILITY = YES_AGGRESSIVE;
				CLANG_WARN_UNREACHABLE_CODE = YES;
				CLANG_WARN__DUPLICATE_METHOD_MATCH = YES;
				CODE_SIGN_IDENTITY = "iPhone Developer: Xiaogang Liu (2989VF99X4)";
				CODE_SIGN_STYLE = Manual;
				COPY_PHASE_STRIP = NO;
				DEBUG_INFORMATION_FORMAT = "dwarf-with-dsym";
				ENABLE_NS_ASSERTIONS = NO;
				ENABLE_STRICT_OBJC_MSGSEND = YES;
				GCC_C_LANGUAGE_STANDARD = gnu11;
				GCC_NO_COMMON_BLOCKS = YES;
				GCC_OPTIMIZATION_LEVEL = 0;
				GCC_WARN_64_TO_32_BIT_CONVERSION = YES;
				GCC_WARN_ABOUT_RETURN_TYPE = YES_ERROR;
				GCC_WARN_UNDECLARED_SELECTOR = YES;
				GCC_WARN_UNINITIALIZED_AUTOS = YES_AGGRESSIVE;
				GCC_WARN_UNUSED_FUNCTION = YES;
				GCC_WARN_UNUSED_VARIABLE = YES;
				IPHONEOS_DEPLOYMENT_TARGET = 10.0;
				MTL_ENABLE_DEBUG_INFO = NO;
				PROVISIONING_PROFILE_SPECIFIER = "Xiaogang Dev Cer manual Profile";
				SDKROOT = iphoneos;
				SWIFT_OPTIMIZATION_LEVEL = "-Onone";
				VALIDATE_PRODUCT = YES;
			};
			name = Release;
		};
		0A6AD6801FF1EFB4009A511A /* Debug */ = {
			isa = XCBuildConfiguration;
			buildSettings = {
				ALWAYS_EMBED_SWIFT_STANDARD_LIBRARIES = YES;
				ASSETCATALOG_COMPILER_APPICON_NAME = AppIcon;
				ASSETCATALOG_COMPILER_LAUNCHIMAGE_NAME = LaunchImage;
				CLANG_ENABLE_MODULES = YES;
				CODE_SIGN_ENTITLEMENTS = ZhibaoZone/ZhibaoZone.entitlements;
				CODE_SIGN_IDENTITY = "iPhone Developer: Xiaogang Liu (2989VF99X4)";
				"CODE_SIGN_IDENTITY[sdk=iphoneos*]" = "iPhone Developer: Xiaogang Liu (2989VF99X4)";
				CODE_SIGN_STYLE = Manual;
				DEVELOPMENT_TEAM = 8NH4GBBX4T;
				FRAMEWORK_SEARCH_PATHS = (
					"$(inherited)",
					"$(PROJECT_DIR)/ZhibaoZone/QCloudCore",
				);
				INFOPLIST_FILE = ZhibaoZone/Info.plist;
				IPHONEOS_DEPLOYMENT_TARGET = 10.0;
				LD_RUNPATH_SEARCH_PATHS = "$(inherited) @executable_path/Frameworks";
				OTHER_LDFLAGS = (
					"-Objc",
					"-all_load",
				);
				PRODUCT_BUNDLE_IDENTIFIER = Doulian.ZhibaoZone;
				PRODUCT_NAME = "$(TARGET_NAME)";
				PROVISIONING_PROFILE = "d7108691-007c-4776-a62c-b595e0f83aa7";
				PROVISIONING_PROFILE_SPECIFIER = "Xiaogang Dev Cer manual Profile";
				SWIFT_OPTIMIZATION_LEVEL = "-Onone";
				SWIFT_VERSION = 4.0;
				TARGETED_DEVICE_FAMILY = 1;
			};
			name = Debug;
		};
		0A6AD6811FF1EFB4009A511A /* Release */ = {
			isa = XCBuildConfiguration;
			buildSettings = {
				ALWAYS_EMBED_SWIFT_STANDARD_LIBRARIES = YES;
				ASSETCATALOG_COMPILER_APPICON_NAME = AppIcon;
				ASSETCATALOG_COMPILER_LAUNCHIMAGE_NAME = LaunchImage;
				CLANG_ENABLE_MODULES = YES;
				CODE_SIGN_ENTITLEMENTS = ZhibaoZone/ZhibaoZone.entitlements;
				CODE_SIGN_IDENTITY = "iPhone Developer: Xiaogang Liu (2989VF99X4)";
				"CODE_SIGN_IDENTITY[sdk=iphoneos*]" = "iPhone Developer: Xiaogang Liu (2989VF99X4)";
				CODE_SIGN_STYLE = Manual;
				DEVELOPMENT_TEAM = 8NH4GBBX4T;
				FRAMEWORK_SEARCH_PATHS = (
					"$(inherited)",
					"$(PROJECT_DIR)/ZhibaoZone/QCloudCore",
				);
				INFOPLIST_FILE = ZhibaoZone/Info.plist;
				IPHONEOS_DEPLOYMENT_TARGET = 10.0;
				LD_RUNPATH_SEARCH_PATHS = "$(inherited) @executable_path/Frameworks";
				OTHER_LDFLAGS = (
					"-ObjC",
					"-all_load",
				);
				PRODUCT_BUNDLE_IDENTIFIER = Doulian.ZhibaoZone;
				PRODUCT_NAME = "$(TARGET_NAME)";
				PROVISIONING_PROFILE = "d7108691-007c-4776-a62c-b595e0f83aa7";
				PROVISIONING_PROFILE_SPECIFIER = "Xiaogang Dev Cer manual Profile";
				SWIFT_OPTIMIZATION_LEVEL = "-Onone";
				SWIFT_VERSION = 4.0;
				TARGETED_DEVICE_FAMILY = 1;
			};
			name = Release;
		};
		0A6AD6831FF1EFB4009A511A /* Debug */ = {
			isa = XCBuildConfiguration;
			buildSettings = {
				ALWAYS_EMBED_SWIFT_STANDARD_LIBRARIES = YES;
				BUNDLE_LOADER = "$(TEST_HOST)";
				CODE_SIGN_STYLE = Automatic;
				DEVELOPMENT_TEAM = JKNP4PJZES;
				INFOPLIST_FILE = ZhibaoZoneTests/Info.plist;
				LD_RUNPATH_SEARCH_PATHS = "$(inherited) @executable_path/Frameworks @loader_path/Frameworks";
				PRODUCT_BUNDLE_IDENTIFIER = Woode.ZhibaoZoneTests;
				PRODUCT_NAME = "$(TARGET_NAME)";
				SWIFT_VERSION = 4.0;
				TARGETED_DEVICE_FAMILY = "1,2";
				TEST_HOST = "$(BUILT_PRODUCTS_DIR)/ZhibaoZone.app/ZhibaoZone";
			};
			name = Debug;
		};
		0A6AD6841FF1EFB4009A511A /* Release */ = {
			isa = XCBuildConfiguration;
			buildSettings = {
				ALWAYS_EMBED_SWIFT_STANDARD_LIBRARIES = YES;
				BUNDLE_LOADER = "$(TEST_HOST)";
				CODE_SIGN_STYLE = Automatic;
				DEVELOPMENT_TEAM = JKNP4PJZES;
				INFOPLIST_FILE = ZhibaoZoneTests/Info.plist;
				LD_RUNPATH_SEARCH_PATHS = "$(inherited) @executable_path/Frameworks @loader_path/Frameworks";
				PRODUCT_BUNDLE_IDENTIFIER = Woode.ZhibaoZoneTests;
				PRODUCT_NAME = "$(TARGET_NAME)";
				SWIFT_VERSION = 4.0;
				TARGETED_DEVICE_FAMILY = "1,2";
				TEST_HOST = "$(BUILT_PRODUCTS_DIR)/ZhibaoZone.app/ZhibaoZone";
			};
			name = Release;
		};
		0A6AD6861FF1EFB4009A511A /* Debug */ = {
			isa = XCBuildConfiguration;
			buildSettings = {
				ALWAYS_EMBED_SWIFT_STANDARD_LIBRARIES = YES;
				CODE_SIGN_STYLE = Automatic;
				DEVELOPMENT_TEAM = JKNP4PJZES;
				INFOPLIST_FILE = ZhibaoZoneUITests/Info.plist;
				LD_RUNPATH_SEARCH_PATHS = "$(inherited) @executable_path/Frameworks @loader_path/Frameworks";
				PRODUCT_BUNDLE_IDENTIFIER = Woode.ZhibaoZoneUITests;
				PRODUCT_NAME = "$(TARGET_NAME)";
				SWIFT_VERSION = 4.0;
				TARGETED_DEVICE_FAMILY = "1,2";
				TEST_TARGET_NAME = ZhibaoZone;
			};
			name = Debug;
		};
		0A6AD6871FF1EFB4009A511A /* Release */ = {
			isa = XCBuildConfiguration;
			buildSettings = {
				ALWAYS_EMBED_SWIFT_STANDARD_LIBRARIES = YES;
				CODE_SIGN_STYLE = Automatic;
				DEVELOPMENT_TEAM = JKNP4PJZES;
				INFOPLIST_FILE = ZhibaoZoneUITests/Info.plist;
				LD_RUNPATH_SEARCH_PATHS = "$(inherited) @executable_path/Frameworks @loader_path/Frameworks";
				PRODUCT_BUNDLE_IDENTIFIER = Woode.ZhibaoZoneUITests;
				PRODUCT_NAME = "$(TARGET_NAME)";
				SWIFT_VERSION = 4.0;
				TARGETED_DEVICE_FAMILY = "1,2";
				TEST_TARGET_NAME = ZhibaoZone;
			};
			name = Release;
		};
/* End XCBuildConfiguration section */

/* Begin XCConfigurationList section */
		0A6AD64F1FF1EFB4009A511A /* Build configuration list for PBXProject "ZhibaoZone" */ = {
			isa = XCConfigurationList;
			buildConfigurations = (
				0A6AD67D1FF1EFB4009A511A /* Debug */,
				0A6AD67E1FF1EFB4009A511A /* Release */,
			);
			defaultConfigurationIsVisible = 0;
			defaultConfigurationName = Release;
		};
		0A6AD67F1FF1EFB4009A511A /* Build configuration list for PBXNativeTarget "ZhibaoZone" */ = {
			isa = XCConfigurationList;
			buildConfigurations = (
				0A6AD6801FF1EFB4009A511A /* Debug */,
				0A6AD6811FF1EFB4009A511A /* Release */,
			);
			defaultConfigurationIsVisible = 0;
			defaultConfigurationName = Release;
		};
		0A6AD6821FF1EFB4009A511A /* Build configuration list for PBXNativeTarget "ZhibaoZoneTests" */ = {
			isa = XCConfigurationList;
			buildConfigurations = (
				0A6AD6831FF1EFB4009A511A /* Debug */,
				0A6AD6841FF1EFB4009A511A /* Release */,
			);
			defaultConfigurationIsVisible = 0;
			defaultConfigurationName = Release;
		};
		0A6AD6851FF1EFB4009A511A /* Build configuration list for PBXNativeTarget "ZhibaoZoneUITests" */ = {
			isa = XCConfigurationList;
			buildConfigurations = (
				0A6AD6861FF1EFB4009A511A /* Debug */,
				0A6AD6871FF1EFB4009A511A /* Release */,
			);
			defaultConfigurationIsVisible = 0;
			defaultConfigurationName = Release;
		};
/* End XCConfigurationList section */

/* Begin XCVersionGroup section */
		0A6B3F0E1FFB38BE0014AF24 /* AccountInfo.xcdatamodeld */ = {
			isa = XCVersionGroup;
			children = (
				0A6B3F0F1FFB38BE0014AF24 /* AccountInfo.xcdatamodel */,
			);
			currentVersion = 0A6B3F0F1FFB38BE0014AF24 /* AccountInfo.xcdatamodel */;
			path = AccountInfo.xcdatamodeld;
			sourceTree = "<group>";
			versionGroupType = wrapper.xcdatamodel;
		};
/* End XCVersionGroup section */
	};
	rootObject = 0A6AD64C1FF1EFB4009A511A /* Project object */;
}
